// !$*UTF8*$!
{
	archiveVersion = 1;
	classes = {
	};
	objectVersion = 46;
	objects = {

/* Begin PBXBuildFile section */
		770A3B2915744DC70055FDDA /* ADLPageViewController.m in Sources */ = {isa = PBXBuildFile; fileRef = 770A3B2715744DC70055FDDA /* ADLPageViewController.m */; };
		770A3B2A15744DC70055FDDA /* ADLPageViewController.xib in Resources */ = {isa = PBXBuildFile; fileRef = 770A3B2815744DC70055FDDA /* ADLPageViewController.xib */; };
		770A3B31157452C30055FDDA /* ADLGridItemView.m in Sources */ = {isa = PBXBuildFile; fileRef = 770A3B30157452C30055FDDA /* ADLGridItemView.m */; };
		770A3B3515745B1E0055FDDA /* ADLSwatchButton.m in Sources */ = {isa = PBXBuildFile; fileRef = 770A3B3415745B1E0055FDDA /* ADLSwatchButton.m */; };
		770A3B3715745E730055FDDA /* QuartzCore.framework in Frameworks */ = {isa = PBXBuildFile; fileRef = 770A3B3615745E730055FDDA /* QuartzCore.framework */; };
		770A3B3D15747F6F0055FDDA /* ADLPageThumbnailManager.m in Sources */ = {isa = PBXBuildFile; fileRef = 770A3B3C15747F6E0055FDDA /* ADLPageThumbnailManager.m */; };
		77356F431574363F0087C611 /* UIKit.framework in Frameworks */ = {isa = PBXBuildFile; fileRef = 77356F421574363F0087C611 /* UIKit.framework */; };
		77356F451574363F0087C611 /* Foundation.framework in Frameworks */ = {isa = PBXBuildFile; fileRef = 77356F441574363F0087C611 /* Foundation.framework */; };
		77356F471574363F0087C611 /* CoreGraphics.framework in Frameworks */ = {isa = PBXBuildFile; fileRef = 77356F461574363F0087C611 /* CoreGraphics.framework */; };
		77356F491574363F0087C611 /* CoreData.framework in Frameworks */ = {isa = PBXBuildFile; fileRef = 77356F481574363F0087C611 /* CoreData.framework */; };
		77356F4F1574363F0087C611 /* InfoPlist.strings in Resources */ = {isa = PBXBuildFile; fileRef = 77356F4D1574363F0087C611 /* InfoPlist.strings */; };
		77356F511574363F0087C611 /* main.m in Sources */ = {isa = PBXBuildFile; fileRef = 77356F501574363F0087C611 /* main.m */; };
		77356F551574363F0087C611 /* ADLAppDelegate.m in Sources */ = {isa = PBXBuildFile; fileRef = 77356F541574363F0087C611 /* ADLAppDelegate.m */; };
		77356F581574363F0087C611 /* Minion.xcdatamodeld in Sources */ = {isa = PBXBuildFile; fileRef = 77356F561574363F0087C611 /* Minion.xcdatamodeld */; };
		77356F5B1574363F0087C611 /* ADLPageThumbnailViewController.m in Sources */ = {isa = PBXBuildFile; fileRef = 77356F5A1574363F0087C611 /* ADLPageThumbnailViewController.m */; };
		77356F5E1574363F0087C611 /* ADLNotebookViewController.m in Sources */ = {isa = PBXBuildFile; fileRef = 77356F5D1574363F0087C611 /* ADLNotebookViewController.m */; };
		77356F611574363F0087C611 /* ADLPageThumbnailViewController.xib in Resources */ = {isa = PBXBuildFile; fileRef = 77356F5F1574363F0087C611 /* ADLPageThumbnailViewController.xib */; };
		77356F641574363F0087C611 /* ADLNotebookViewController.xib in Resources */ = {isa = PBXBuildFile; fileRef = 77356F621574363F0087C611 /* ADLNotebookViewController.xib */; };
		77356F7D15743A100087C611 /* ADLGridRow.m in Sources */ = {isa = PBXBuildFile; fileRef = 77356F7C15743A100087C611 /* ADLGridRow.m */; };
		77356F8015743A100087C611 /* ADLGridItem.m in Sources */ = {isa = PBXBuildFile; fileRef = 77356F7F15743A100087C611 /* ADLGridItem.m */; };
		77356F8315743A100087C611 /* ADLPage.m in Sources */ = {isa = PBXBuildFile; fileRef = 77356F8215743A100087C611 /* ADLPage.m */; };
		77356F8615743A100087C611 /* ADLNotebook.m in Sources */ = {isa = PBXBuildFile; fileRef = 77356F8515743A100087C611 /* ADLNotebook.m */; };
		77356F8A15743A550087C611 /* ADLNotebookLibrary.m in Sources */ = {isa = PBXBuildFile; fileRef = 77356F8915743A550087C611 /* ADLNotebookLibrary.m */; };
		776321BD157F103F00947986 /* ADLConnectionLine.m in Sources */ = {isa = PBXBuildFile; fileRef = 776321BC157F103F00947986 /* ADLConnectionLine.m */; };
		776321C1157F159500947986 /* ADLTool.m in Sources */ = {isa = PBXBuildFile; fileRef = 776321C0157F159500947986 /* ADLTool.m */; };
		777516941592CC6000DF7526 /* ADLConnectionLineView.m in Sources */ = {isa = PBXBuildFile; fileRef = 777516931592CC6000DF7526 /* ADLConnectionLineView.m */; };
		778CDFB91574820F0077C63C /* ADLPageRenderingOperation.m in Sources */ = {isa = PBXBuildFile; fileRef = 778CDFB81574820F0077C63C /* ADLPageRenderingOperation.m */; };
		778CDFBC157488D90077C63C /* ADLPageThumbnailCell.m in Sources */ = {isa = PBXBuildFile; fileRef = 778CDFBB157488D90077C63C /* ADLPageThumbnailCell.m */; };
/* End PBXBuildFile section */

/* Begin PBXFileReference section */
		770A3B2615744DC70055FDDA /* ADLPageViewController.h */ = {isa = PBXFileReference; fileEncoding = 4; lastKnownFileType = sourcecode.c.h; path = ADLPageViewController.h; sourceTree = "<group>"; };
		770A3B2715744DC70055FDDA /* ADLPageViewController.m */ = {isa = PBXFileReference; fileEncoding = 4; lastKnownFileType = sourcecode.c.objc; path = ADLPageViewController.m; sourceTree = "<group>"; };
		770A3B2815744DC70055FDDA /* ADLPageViewController.xib */ = {isa = PBXFileReference; fileEncoding = 4; lastKnownFileType = file.xib; path = ADLPageViewController.xib; sourceTree = "<group>"; };
		770A3B2F157452C30055FDDA /* ADLGridItemView.h */ = {isa = PBXFileReference; fileEncoding = 4; lastKnownFileType = sourcecode.c.h; path = ADLGridItemView.h; sourceTree = "<group>"; };
		770A3B30157452C30055FDDA /* ADLGridItemView.m */ = {isa = PBXFileReference; fileEncoding = 4; lastKnownFileType = sourcecode.c.objc; path = ADLGridItemView.m; sourceTree = "<group>"; };
		770A3B3315745B1E0055FDDA /* ADLSwatchButton.h */ = {isa = PBXFileReference; fileEncoding = 4; lastKnownFileType = sourcecode.c.h; path = ADLSwatchButton.h; sourceTree = "<group>"; };
		770A3B3415745B1E0055FDDA /* ADLSwatchButton.m */ = {isa = PBXFileReference; fileEncoding = 4; lastKnownFileType = sourcecode.c.objc; path = ADLSwatchButton.m; sourceTree = "<group>"; };
		770A3B3615745E730055FDDA /* QuartzCore.framework */ = {isa = PBXFileReference; lastKnownFileType = wrapper.framework; name = QuartzCore.framework; path = System/Library/Frameworks/QuartzCore.framework; sourceTree = SDKROOT; };
		770A3B3B15747F6E0055FDDA /* ADLPageThumbnailManager.h */ = {isa = PBXFileReference; fileEncoding = 4; lastKnownFileType = sourcecode.c.h; path = ADLPageThumbnailManager.h; sourceTree = "<group>"; };
		770A3B3C15747F6E0055FDDA /* ADLPageThumbnailManager.m */ = {isa = PBXFileReference; fileEncoding = 4; lastKnownFileType = sourcecode.c.objc; path = ADLPageThumbnailManager.m; sourceTree = "<group>"; };
		77356F3E1574363F0087C611 /* Minion.app */ = {isa = PBXFileReference; explicitFileType = wrapper.application; includeInIndex = 0; path = Minion.app; sourceTree = BUILT_PRODUCTS_DIR; };
		77356F421574363F0087C611 /* UIKit.framework */ = {isa = PBXFileReference; lastKnownFileType = wrapper.framework; name = UIKit.framework; path = System/Library/Frameworks/UIKit.framework; sourceTree = SDKROOT; };
		77356F441574363F0087C611 /* Foundation.framework */ = {isa = PBXFileReference; lastKnownFileType = wrapper.framework; name = Foundation.framework; path = System/Library/Frameworks/Foundation.framework; sourceTree = SDKROOT; };
		77356F461574363F0087C611 /* CoreGraphics.framework */ = {isa = PBXFileReference; lastKnownFileType = wrapper.framework; name = CoreGraphics.framework; path = System/Library/Frameworks/CoreGraphics.framework; sourceTree = SDKROOT; };
		77356F481574363F0087C611 /* CoreData.framework */ = {isa = PBXFileReference; lastKnownFileType = wrapper.framework; name = CoreData.framework; path = System/Library/Frameworks/CoreData.framework; sourceTree = SDKROOT; };
		77356F4C1574363F0087C611 /* Minion-Info.plist */ = {isa = PBXFileReference; lastKnownFileType = text.plist.xml; path = "Minion-Info.plist"; sourceTree = "<group>"; };
		77356F4E1574363F0087C611 /* en */ = {isa = PBXFileReference; lastKnownFileType = text.plist.strings; name = en; path = en.lproj/InfoPlist.strings; sourceTree = "<group>"; };
		77356F501574363F0087C611 /* main.m */ = {isa = PBXFileReference; lastKnownFileType = sourcecode.c.objc; path = main.m; sourceTree = "<group>"; };
		77356F521574363F0087C611 /* Minion-Prefix.pch */ = {isa = PBXFileReference; lastKnownFileType = sourcecode.c.h; path = "Minion-Prefix.pch"; sourceTree = "<group>"; };
		77356F531574363F0087C611 /* ADLAppDelegate.h */ = {isa = PBXFileReference; lastKnownFileType = sourcecode.c.h; path = ADLAppDelegate.h; sourceTree = "<group>"; };
		77356F541574363F0087C611 /* ADLAppDelegate.m */ = {isa = PBXFileReference; lastKnownFileType = sourcecode.c.objc; path = ADLAppDelegate.m; sourceTree = "<group>"; };
		77356F571574363F0087C611 /* Minion.xcdatamodel */ = {isa = PBXFileReference; lastKnownFileType = wrapper.xcdatamodel; path = Minion.xcdatamodel; sourceTree = "<group>"; };
		77356F591574363F0087C611 /* ADLPageThumbnailViewController.h */ = {isa = PBXFileReference; lastKnownFileType = sourcecode.c.h; path = ADLPageThumbnailViewController.h; sourceTree = "<group>"; };
		77356F5A1574363F0087C611 /* ADLPageThumbnailViewController.m */ = {isa = PBXFileReference; lastKnownFileType = sourcecode.c.objc; path = ADLPageThumbnailViewController.m; sourceTree = "<group>"; };
		77356F5C1574363F0087C611 /* ADLNotebookViewController.h */ = {isa = PBXFileReference; lastKnownFileType = sourcecode.c.h; path = ADLNotebookViewController.h; sourceTree = "<group>"; };
		77356F5D1574363F0087C611 /* ADLNotebookViewController.m */ = {isa = PBXFileReference; lastKnownFileType = sourcecode.c.objc; path = ADLNotebookViewController.m; sourceTree = "<group>"; };
		77356F601574363F0087C611 /* en */ = {isa = PBXFileReference; lastKnownFileType = file.xib; name = en; path = en.lproj/ADLPageThumbnailViewController.xib; sourceTree = "<group>"; };
		77356F631574363F0087C611 /* en */ = {isa = PBXFileReference; lastKnownFileType = file.xib; name = en; path = en.lproj/ADLNotebookViewController.xib; sourceTree = "<group>"; };
		77356F7B15743A100087C611 /* ADLGridRow.h */ = {isa = PBXFileReference; fileEncoding = 4; lastKnownFileType = sourcecode.c.h; name = ADLGridRow.h; path = Minion/ADLGridRow.h; sourceTree = "<group>"; };
		77356F7C15743A100087C611 /* ADLGridRow.m */ = {isa = PBXFileReference; fileEncoding = 4; lastKnownFileType = sourcecode.c.objc; name = ADLGridRow.m; path = Minion/ADLGridRow.m; sourceTree = "<group>"; };
		77356F7E15743A100087C611 /* ADLGridItem.h */ = {isa = PBXFileReference; fileEncoding = 4; lastKnownFileType = sourcecode.c.h; name = ADLGridItem.h; path = Minion/ADLGridItem.h; sourceTree = "<group>"; };
		77356F7F15743A100087C611 /* ADLGridItem.m */ = {isa = PBXFileReference; fileEncoding = 4; lastKnownFileType = sourcecode.c.objc; name = ADLGridItem.m; path = Minion/ADLGridItem.m; sourceTree = "<group>"; };
		77356F8115743A100087C611 /* ADLPage.h */ = {isa = PBXFileReference; fileEncoding = 4; lastKnownFileType = sourcecode.c.h; name = ADLPage.h; path = Minion/ADLPage.h; sourceTree = "<group>"; };
		77356F8215743A100087C611 /* ADLPage.m */ = {isa = PBXFileReference; fileEncoding = 4; lastKnownFileType = sourcecode.c.objc; name = ADLPage.m; path = Minion/ADLPage.m; sourceTree = "<group>"; };
		77356F8415743A100087C611 /* ADLNotebook.h */ = {isa = PBXFileReference; fileEncoding = 4; lastKnownFileType = sourcecode.c.h; name = ADLNotebook.h; path = Minion/ADLNotebook.h; sourceTree = "<group>"; };
		77356F8515743A100087C611 /* ADLNotebook.m */ = {isa = PBXFileReference; fileEncoding = 4; lastKnownFileType = sourcecode.c.objc; name = ADLNotebook.m; path = Minion/ADLNotebook.m; sourceTree = "<group>"; };
		77356F8815743A550087C611 /* ADLNotebookLibrary.h */ = {isa = PBXFileReference; fileEncoding = 4; lastKnownFileType = sourcecode.c.h; name = ADLNotebookLibrary.h; path = Minion/ADLNotebookLibrary.h; sourceTree = "<group>"; };
		77356F8915743A550087C611 /* ADLNotebookLibrary.m */ = {isa = PBXFileReference; fileEncoding = 4; lastKnownFileType = sourcecode.c.objc; name = ADLNotebookLibrary.m; path = Minion/ADLNotebookLibrary.m; sourceTree = "<group>"; };
		776321BB157F103F00947986 /* ADLConnectionLine.h */ = {isa = PBXFileReference; fileEncoding = 4; lastKnownFileType = sourcecode.c.h; name = ADLConnectionLine.h; path = Minion/ADLConnectionLine.h; sourceTree = "<group>"; };
		776321BC157F103F00947986 /* ADLConnectionLine.m */ = {isa = PBXFileReference; fileEncoding = 4; lastKnownFileType = sourcecode.c.objc; name = ADLConnectionLine.m; path = Minion/ADLConnectionLine.m; sourceTree = "<group>"; };
		776321BF157F159500947986 /* ADLTool.h */ = {isa = PBXFileReference; fileEncoding = 4; lastKnownFileType = sourcecode.c.h; path = ADLTool.h; sourceTree = "<group>"; };
		776321C0157F159500947986 /* ADLTool.m */ = {isa = PBXFileReference; fileEncoding = 4; lastKnownFileType = sourcecode.c.objc; path = ADLTool.m; sourceTree = "<group>"; };
		777516921592CC6000DF7526 /* ADLConnectionLineView.h */ = {isa = PBXFileReference; fileEncoding = 4; lastKnownFileType = sourcecode.c.h; path = ADLConnectionLineView.h; sourceTree = "<group>"; };
		777516931592CC6000DF7526 /* ADLConnectionLineView.m */ = {isa = PBXFileReference; fileEncoding = 4; lastKnownFileType = sourcecode.c.objc; path = ADLConnectionLineView.m; sourceTree = "<group>"; };
		778CDFB71574820F0077C63C /* ADLPageRenderingOperation.h */ = {isa = PBXFileReference; fileEncoding = 4; lastKnownFileType = sourcecode.c.h; path = ADLPageRenderingOperation.h; sourceTree = "<group>"; };
		778CDFB81574820F0077C63C /* ADLPageRenderingOperation.m */ = {isa = PBXFileReference; fileEncoding = 4; lastKnownFileType = sourcecode.c.objc; path = ADLPageRenderingOperation.m; sourceTree = "<group>"; };
		778CDFBA157488D90077C63C /* ADLPageThumbnailCell.h */ = {isa = PBXFileReference; fileEncoding = 4; lastKnownFileType = sourcecode.c.h; path = ADLPageThumbnailCell.h; sourceTree = "<group>"; };
		778CDFBB157488D90077C63C /* ADLPageThumbnailCell.m */ = {isa = PBXFileReference; fileEncoding = 4; lastKnownFileType = sourcecode.c.objc; path = ADLPageThumbnailCell.m; sourceTree = "<group>"; };
/* End PBXFileReference section */

/* Begin PBXFrameworksBuildPhase section */
		77356F3B1574363F0087C611 /* Frameworks */ = {
			isa = PBXFrameworksBuildPhase;
			buildActionMask = 2147483647;
			files = (
				770A3B3715745E730055FDDA /* QuartzCore.framework in Frameworks */,
				77356F431574363F0087C611 /* UIKit.framework in Frameworks */,
				77356F451574363F0087C611 /* Foundation.framework in Frameworks */,
				77356F471574363F0087C611 /* CoreGraphics.framework in Frameworks */,
				77356F491574363F0087C611 /* CoreData.framework in Frameworks */,
			);
			runOnlyForDeploymentPostprocessing = 0;
		};
/* End PBXFrameworksBuildPhase section */

/* Begin PBXGroup section */
		770A3B32157454080055FDDA /* Resources */ = {
			isa = PBXGroup;
			children = (
				770A3B2815744DC70055FDDA /* ADLPageViewController.xib */,
				77356F5F1574363F0087C611 /* ADLPageThumbnailViewController.xib */,
				77356F621574363F0087C611 /* ADLNotebookViewController.xib */,
				77356F561574363F0087C611 /* Minion.xcdatamodeld */,
			);
			name = Resources;
			sourceTree = "<group>";
		};
		77356F331574363F0087C611 = {
			isa = PBXGroup;
			children = (
				77356F4A1574363F0087C611 /* Minion */,
				77356F411574363F0087C611 /* Frameworks */,
				77356F3F1574363F0087C611 /* Products */,
			);
			sourceTree = "<group>";
		};
		77356F3F1574363F0087C611 /* Products */ = {
			isa = PBXGroup;
			children = (
				77356F3E1574363F0087C611 /* Minion.app */,
			);
			name = Products;
			sourceTree = "<group>";
		};
		77356F411574363F0087C611 /* Frameworks */ = {
			isa = PBXGroup;
			children = (
				770A3B3615745E730055FDDA /* QuartzCore.framework */,
				77356F421574363F0087C611 /* UIKit.framework */,
				77356F441574363F0087C611 /* Foundation.framework */,
				77356F461574363F0087C611 /* CoreGraphics.framework */,
				77356F481574363F0087C611 /* CoreData.framework */,
			);
			name = Frameworks;
			sourceTree = "<group>";
		};
		77356F4A1574363F0087C611 /* Minion */ = {
			isa = PBXGroup;
			children = (
				77356F8715743A1C0087C611 /* Model */,
				77356F531574363F0087C611 /* ADLAppDelegate.h */,
				77356F541574363F0087C611 /* ADLAppDelegate.m */,
				777516921592CC6000DF7526 /* ADLConnectionLineView.h */,
				777516931592CC6000DF7526 /* ADLConnectionLineView.m */,
				770A3B2F157452C30055FDDA /* ADLGridItemView.h */,
				770A3B30157452C30055FDDA /* ADLGridItemView.m */,
				778CDFBA157488D90077C63C /* ADLPageThumbnailCell.h */,
				778CDFBB157488D90077C63C /* ADLPageThumbnailCell.m */,
				770A3B3B15747F6E0055FDDA /* ADLPageThumbnailManager.h */,
				770A3B3C15747F6E0055FDDA /* ADLPageThumbnailManager.m */,
				770A3B2615744DC70055FDDA /* ADLPageViewController.h */,
				770A3B2715744DC70055FDDA /* ADLPageViewController.m */,
				778CDFB71574820F0077C63C /* ADLPageRenderingOperation.h */,
				778CDFB81574820F0077C63C /* ADLPageRenderingOperation.m */,
				77356F591574363F0087C611 /* ADLPageThumbnailViewController.h */,
				77356F5A1574363F0087C611 /* ADLPageThumbnailViewController.m */,
				770A3B3315745B1E0055FDDA /* ADLSwatchButton.h */,
				770A3B3415745B1E0055FDDA /* ADLSwatchButton.m */,
				776321BF157F159500947986 /* ADLTool.h */,
				776321C0157F159500947986 /* ADLTool.m */,
				77356F5C1574363F0087C611 /* ADLNotebookViewController.h */,
				77356F5D1574363F0087C611 /* ADLNotebookViewController.m */,
				770A3B32157454080055FDDA /* Resources */,
				77356F4B1574363F0087C611 /* Supporting Files */,
			);
			path = Minion;
			sourceTree = "<group>";
		};
		77356F4B1574363F0087C611 /* Supporting Files */ = {
			isa = PBXGroup;
			children = (
				77356F4C1574363F0087C611 /* Minion-Info.plist */,
				77356F4D1574363F0087C611 /* InfoPlist.strings */,
				77356F501574363F0087C611 /* main.m */,
				77356F521574363F0087C611 /* Minion-Prefix.pch */,
			);
			name = "Supporting Files";
			sourceTree = "<group>";
		};
		77356F8715743A1C0087C611 /* Model */ = {
			isa = PBXGroup;
			children = (
				776321BB157F103F00947986 /* ADLConnectionLine.h */,
				776321BC157F103F00947986 /* ADLConnectionLine.m */,
				77356F8815743A550087C611 /* ADLNotebookLibrary.h */,
				77356F8915743A550087C611 /* ADLNotebookLibrary.m */,
				77356F8415743A100087C611 /* ADLNotebook.h */,
				77356F8515743A100087C611 /* ADLNotebook.m */,
				77356F8115743A100087C611 /* ADLPage.h */,
				77356F8215743A100087C611 /* ADLPage.m */,
				77356F7E15743A100087C611 /* ADLGridItem.h */,
				77356F7F15743A100087C611 /* ADLGridItem.m */,
				77356F7B15743A100087C611 /* ADLGridRow.h */,
				77356F7C15743A100087C611 /* ADLGridRow.m */,
			);
			name = Model;
			path = ..;
			sourceTree = "<group>";
		};
/* End PBXGroup section */

/* Begin PBXNativeTarget section */
		77356F3D1574363F0087C611 /* Minion */ = {
			isa = PBXNativeTarget;
			buildConfigurationList = 77356F671574363F0087C611 /* Build configuration list for PBXNativeTarget "Minion" */;
			buildPhases = (
				77356F3A1574363F0087C611 /* Sources */,
				77356F3B1574363F0087C611 /* Frameworks */,
				77356F3C1574363F0087C611 /* Resources */,
			);
			buildRules = (
			);
			dependencies = (
			);
			name = Minion;
			productName = Minion;
			productReference = 77356F3E1574363F0087C611 /* Minion.app */;
			productType = "com.apple.product-type.application";
		};
/* End PBXNativeTarget section */

/* Begin PBXProject section */
		77356F351574363F0087C611 /* Project object */ = {
			isa = PBXProject;
			attributes = {
				CLASSPREFIX = ADL;
				LastUpgradeCheck = 0430;
			};
			buildConfigurationList = 77356F381574363F0087C611 /* Build configuration list for PBXProject "Minion" */;
			compatibilityVersion = "Xcode 3.2";
			developmentRegion = English;
			hasScannedForEncodings = 0;
			knownRegions = (
				en,
			);
			mainGroup = 77356F331574363F0087C611;
			productRefGroup = 77356F3F1574363F0087C611 /* Products */;
			projectDirPath = "";
			projectRoot = "";
			targets = (
				77356F3D1574363F0087C611 /* Minion */,
			);
		};
/* End PBXProject section */

/* Begin PBXResourcesBuildPhase section */
		77356F3C1574363F0087C611 /* Resources */ = {
			isa = PBXResourcesBuildPhase;
			buildActionMask = 2147483647;
			files = (
				77356F4F1574363F0087C611 /* InfoPlist.strings in Resources */,
				77356F611574363F0087C611 /* ADLPageThumbnailViewController.xib in Resources */,
				77356F641574363F0087C611 /* ADLNotebookViewController.xib in Resources */,
				770A3B2A15744DC70055FDDA /* ADLPageViewController.xib in Resources */,
			);
			runOnlyForDeploymentPostprocessing = 0;
		};
/* End PBXResourcesBuildPhase section */

/* Begin PBXSourcesBuildPhase section */
		77356F3A1574363F0087C611 /* Sources */ = {
			isa = PBXSourcesBuildPhase;
			buildActionMask = 2147483647;
			files = (
				77356F511574363F0087C611 /* main.m in Sources */,
				77356F551574363F0087C611 /* ADLAppDelegate.m in Sources */,
				77356F581574363F0087C611 /* Minion.xcdatamodeld in Sources */,
				77356F5B1574363F0087C611 /* ADLPageThumbnailViewController.m in Sources */,
				77356F5E1574363F0087C611 /* ADLNotebookViewController.m in Sources */,
				77356F7D15743A100087C611 /* ADLGridRow.m in Sources */,
				77356F8015743A100087C611 /* ADLGridItem.m in Sources */,
				77356F8315743A100087C611 /* ADLPage.m in Sources */,
				77356F8615743A100087C611 /* ADLNotebook.m in Sources */,
				77356F8A15743A550087C611 /* ADLNotebookLibrary.m in Sources */,
				770A3B2915744DC70055FDDA /* ADLPageViewController.m in Sources */,
				770A3B31157452C30055FDDA /* ADLGridItemView.m in Sources */,
				770A3B3515745B1E0055FDDA /* ADLSwatchButton.m in Sources */,
				770A3B3D15747F6F0055FDDA /* ADLPageThumbnailManager.m in Sources */,
				778CDFB91574820F0077C63C /* ADLPageRenderingOperation.m in Sources */,
				778CDFBC157488D90077C63C /* ADLPageThumbnailCell.m in Sources */,
				776321BD157F103F00947986 /* ADLConnectionLine.m in Sources */,
				776321C1157F159500947986 /* ADLTool.m in Sources */,
				777516941592CC6000DF7526 /* ADLConnectionLineView.m in Sources */,
			);
			runOnlyForDeploymentPostprocessing = 0;
		};
/* End PBXSourcesBuildPhase section */

/* Begin PBXVariantGroup section */
		77356F4D1574363F0087C611 /* InfoPlist.strings */ = {
			isa = PBXVariantGroup;
			children = (
				77356F4E1574363F0087C611 /* en */,
			);
			name = InfoPlist.strings;
			sourceTree = "<group>";
		};
		77356F5F1574363F0087C611 /* ADLPageThumbnailViewController.xib */ = {
			isa = PBXVariantGroup;
			children = (
				77356F601574363F0087C611 /* en */,
			);
			name = ADLPageThumbnailViewController.xib;
			sourceTree = "<group>";
		};
		77356F621574363F0087C611 /* ADLNotebookViewController.xib */ = {
			isa = PBXVariantGroup;
			children = (
				77356F631574363F0087C611 /* en */,
			);
			name = ADLNotebookViewController.xib;
			sourceTree = "<group>";
		};
/* End PBXVariantGroup section */

/* Begin XCBuildConfiguration section */
		77356F651574363F0087C611 /* Debug */ = {
			isa = XCBuildConfiguration;
			buildSettings = {
				ALWAYS_SEARCH_USER_PATHS = NO;
				ARCHS = "$(ARCHS_STANDARD_32_BIT)";
				CLANG_ENABLE_OBJC_ARC = YES;
				"CODE_SIGN_IDENTITY[sdk=iphoneos*]" = "iPhone Developer";
				COPY_PHASE_STRIP = NO;
				GCC_C_LANGUAGE_STANDARD = gnu99;
				GCC_DYNAMIC_NO_PIC = NO;
				GCC_OPTIMIZATION_LEVEL = 0;
				GCC_PREPROCESSOR_DEFINITIONS = (
					"DEBUG=1",
					"$(inherited)",
				);
				GCC_SYMBOLS_PRIVATE_EXTERN = NO;
				GCC_VERSION = com.apple.compilers.llvm.clang.1_0;
				GCC_WARN_ABOUT_RETURN_TYPE = YES;
				GCC_WARN_UNINITIALIZED_AUTOS = YES;
				GCC_WARN_UNUSED_VARIABLE = YES;
				IPHONEOS_DEPLOYMENT_TARGET = 5.1;
				SDKROOT = iphoneos;
				TARGETED_DEVICE_FAMILY = 2;
			};
			name = Debug;
		};
		77356F661574363F0087C611 /* Release */ = {
			isa = XCBuildConfiguration;
			buildSettings = {
				ALWAYS_SEARCH_USER_PATHS = NO;
				ARCHS = "$(ARCHS_STANDARD_32_BIT)";
				CLANG_ENABLE_OBJC_ARC = YES;
				"CODE_SIGN_IDENTITY[sdk=iphoneos*]" = "iPhone Developer";
				COPY_PHASE_STRIP = YES;
				GCC_C_LANGUAGE_STANDARD = gnu99;
				GCC_VERSION = com.apple.compilers.llvm.clang.1_0;
				GCC_WARN_ABOUT_RETURN_TYPE = YES;
				GCC_WARN_UNINITIALIZED_AUTOS = YES;
				GCC_WARN_UNUSED_VARIABLE = YES;
				IPHONEOS_DEPLOYMENT_TARGET = 5.1;
				OTHER_CFLAGS = "-DNS_BLOCK_ASSERTIONS=1";
				SDKROOT = iphoneos;
				TARGETED_DEVICE_FAMILY = 2;
				VALIDATE_PRODUCT = YES;
			};
			name = Release;
		};
		77356F681574363F0087C611 /* Debug */ = {
			isa = XCBuildConfiguration;
			buildSettings = {
				GCC_PRECOMPILE_PREFIX_HEADER = YES;
				GCC_PREFIX_HEADER = "Minion/Minion-Prefix.pch";
				GCC_TREAT_WARNINGS_AS_ERRORS = YES;
				INFOPLIST_FILE = "Minion/Minion-Info.plist";
				PRODUCT_NAME = "$(TARGET_NAME)";
				WRAPPER_EXTENSION = app;
			};
			name = Debug;
		};
		77356F691574363F0087C611 /* Release */ = {
			isa = XCBuildConfiguration;
			buildSettings = {
				GCC_PRECOMPILE_PREFIX_HEADER = YES;
				GCC_PREFIX_HEADER = "Minion/Minion-Prefix.pch";
				GCC_TREAT_WARNINGS_AS_ERRORS = YES;
				INFOPLIST_FILE = "Minion/Minion-Info.plist";
				PRODUCT_NAME = "$(TARGET_NAME)";
				WRAPPER_EXTENSION = app;
			};
			name = Release;
		};
/* End XCBuildConfiguration section */

/* Begin XCConfigurationList section */
		77356F381574363F0087C611 /* Build configuration list for PBXProject "Minion" */ = {
			isa = XCConfigurationList;
			buildConfigurations = (
				77356F651574363F0087C611 /* Debug */,
				77356F661574363F0087C611 /* Release */,
			);
			defaultConfigurationIsVisible = 0;
			defaultConfigurationName = Release;
		};
		77356F671574363F0087C611 /* Build configuration list for PBXNativeTarget "Minion" */ = {
			isa = XCConfigurationList;
			buildConfigurations = (
				77356F681574363F0087C611 /* Debug */,
				77356F691574363F0087C611 /* Release */,
			);
			defaultConfigurationIsVisible = 0;
			defaultConfigurationName = Release;
		};
/* End XCConfigurationList section */

/* Begin XCVersionGroup section */
		77356F561574363F0087C611 /* Minion.xcdatamodeld */ = {
			isa = XCVersionGroup;
			children = (
				77356F571574363F0087C611 /* Minion.xcdatamodel */,
			);
			currentVersion = 77356F571574363F0087C611 /* Minion.xcdatamodel */;
			path = Minion.xcdatamodeld;
			sourceTree = "<group>";
			versionGroupType = wrapper.xcdatamodel;
		};
/* End XCVersionGroup section */
	};
	rootObject = 77356F351574363F0087C611 /* Project object */;
}
